
Microsoft Visual Studio Solution File, Format Version 12.00
# Visual Studio Version 17
VisualStudioVersion = 17.3.32804.467
MinimumVisualStudioVersion = 10.0.40219.1
Project("{FAE04EC0-301F-11D3-BF4B-00C04F79EFBC}") = "Uppgift 2.10", "Uppgift 2.10\Uppgift 2.10.csproj", "{8846D352-6A4E-4AA2-A02A-567DC5AB79C8}"
EndProject
Global
	GlobalSection(SolutionConfigurationPlatforms) = preSolution
		Debug|Any CPU = Debug|Any CPU
		Release|Any CPU = Release|Any CPU
	EndGlobalSection
	GlobalSection(ProjectConfigurationPlatforms) = postSolution
		{8846D352-6A4E-4AA2-A02A-567DC5AB79C8}.Debug|Any CPU.ActiveCfg = Debug|Any CPU
		{8846D352-6A4E-4AA2-A02A-567DC5AB79C8}.Debug|Any CPU.Build.0 = Debug|Any CPU
		{8846D352-6A4E-4AA2-A02A-567DC5AB79C8}.Release|Any CPU.ActiveCfg = Release|Any CPU
		{8846D352-6A4E-4AA2-A02A-567DC5AB79C8}.Release|Any CPU.Build.0 = Release|Any CPU
	EndGlobalSection
	GlobalSection(SolutionProperties) = preSolution
		HideSolutionNode = FALSE
	EndGlobalSection
	GlobalSection(ExtensibilityGlobals) = postSolution
		SolutionGuid = {BBB9A135-7538-4B65-8AB7-975C18B7530A}
	EndGlobalSection
EndGlobal
